
Microsoft Visual Studio Solution File, Format Version 12.00
# Visual Studio Version 17
VisualStudioVersion = 17.4.33122.133
MinimumVisualStudioVersion = 10.0.40219.1
Project("{9A19103F-16F7-4668-BE54-9A1E7A4F7556}") = "Basico_DotNet", "Basico_DotNet.csproj", "{0E5B3CFD-1F56-4876-AE90-CF3DF85E025C}"
EndProject
Project("{FAE04EC0-301F-11D3-BF4B-00C04F79EFBC}") = "Basico_Excecoes", "..\Basico_Excecoes\Basico_Excecoes.csproj", "{E67EBBD9-038D-4176-B441-CD1E9C96FA7F}"
EndProject
Project("{9A19103F-16F7-4668-BE54-9A1E7A4F7556}") = "Basico_OrientacaoObjetos", "..\Basico_OrientacaoObjetos\Basico_OrientacaoObjetos.csproj", "{BA0AA059-22AA-46D3-ADC3-643B56116CD5}"
EndProject
Project("{9A19103F-16F7-4668-BE54-9A1E7A4F7556}") = "Basico_RabbitMQ_Consumer", "..\Basico_RabbitMQ\Receive\Basico_RabbitMQ_Consumer.csproj", "{74E41823-6551-4A9A-B7BB-21B0D6A4F102}"
EndProject
Project("{9A19103F-16F7-4668-BE54-9A1E7A4F7556}") = "Basico_RabbitMQ_Producer", "..\Basico_RabbitMQ\Send\Basico_RabbitMQ_Producer.csproj", "{8044F0B2-AACB-4C34-B619-CE33ADB9A24B}"
EndProject
Project("{9A19103F-16F7-4668-BE54-9A1E7A4F7556}") = "Basico_Teste_AAA", "..\Basico_Teste_AAA\Basico_Teste_AAA.csproj", "{93975856-8A4D-4B33-A05E-81C44616BD4B}"
EndProject
Project("{9A19103F-16F7-4668-BE54-9A1E7A4F7556}") = "Calculadora", "..\Basico_xUnit\Calculadora\Calculadora.csproj", "{B995FB3B-9812-4442-9D03-6F3F769F0193}"
EndProject
Project("{9A19103F-16F7-4668-BE54-9A1E7A4F7556}") = "Basico_xUnit", "..\Basico_xUnit\Calculadora.Tests\Basico_xUnit.csproj", "{E5BEEBD0-56F9-472F-B414-DD46B2F68995}"
EndProject
Project("{9A19103F-16F7-4668-BE54-9A1E7A4F7556}") = "Comercio.API", "..\Basico_EntityFramework\API_Entity_Framework\Comercio.API.csproj", "{8B5B7C33-F468-4459-B421-FB913CB0910C}"
EndProject
Project("{9A19103F-16F7-4668-BE54-9A1E7A4F7556}") = "Comercio.Models", "..\Basico_EntityFramework\Comercio.Models\Comercio.Models.csproj", "{42564128-2F1E-4F3F-9844-6DF882266752}"
EndProject
Project("{FAE04EC0-301F-11D3-BF4B-00C04F79EFBC}") = "Basico_MauiApp", "..\Basico_MauiApp\Basico_MauiApp.csproj", "{FECE0A7E-2688-426C-AA25-B5C998F544F7}"
EndProject
Global
	GlobalSection(SolutionConfigurationPlatforms) = preSolution
		Debug|Any CPU = Debug|Any CPU
		Release|Any CPU = Release|Any CPU
	EndGlobalSection
	GlobalSection(ProjectConfigurationPlatforms) = postSolution
		{0E5B3CFD-1F56-4876-AE90-CF3DF85E025C}.Debug|Any CPU.ActiveCfg = Debug|Any CPU
		{0E5B3CFD-1F56-4876-AE90-CF3DF85E025C}.Debug|Any CPU.Build.0 = Debug|Any CPU
		{0E5B3CFD-1F56-4876-AE90-CF3DF85E025C}.Release|Any CPU.ActiveCfg = Release|Any CPU
		{0E5B3CFD-1F56-4876-AE90-CF3DF85E025C}.Release|Any CPU.Build.0 = Release|Any CPU
		{E67EBBD9-038D-4176-B441-CD1E9C96FA7F}.Debug|Any CPU.ActiveCfg = Debug|Any CPU
		{E67EBBD9-038D-4176-B441-CD1E9C96FA7F}.Debug|Any CPU.Build.0 = Debug|Any CPU
		{E67EBBD9-038D-4176-B441-CD1E9C96FA7F}.Release|Any CPU.ActiveCfg = Release|Any CPU
		{E67EBBD9-038D-4176-B441-CD1E9C96FA7F}.Release|Any CPU.Build.0 = Release|Any CPU
		{BA0AA059-22AA-46D3-ADC3-643B56116CD5}.Debug|Any CPU.ActiveCfg = Debug|Any CPU
		{BA0AA059-22AA-46D3-ADC3-643B56116CD5}.Debug|Any CPU.Build.0 = Debug|Any CPU
		{BA0AA059-22AA-46D3-ADC3-643B56116CD5}.Release|Any CPU.ActiveCfg = Release|Any CPU
		{BA0AA059-22AA-46D3-ADC3-643B56116CD5}.Release|Any CPU.Build.0 = Release|Any CPU
		{74E41823-6551-4A9A-B7BB-21B0D6A4F102}.Debug|Any CPU.ActiveCfg = Debug|Any CPU
		{74E41823-6551-4A9A-B7BB-21B0D6A4F102}.Debug|Any CPU.Build.0 = Debug|Any CPU
		{74E41823-6551-4A9A-B7BB-21B0D6A4F102}.Release|Any CPU.ActiveCfg = Release|Any CPU
		{74E41823-6551-4A9A-B7BB-21B0D6A4F102}.Release|Any CPU.Build.0 = Release|Any CPU
		{8044F0B2-AACB-4C34-B619-CE33ADB9A24B}.Debug|Any CPU.ActiveCfg = Debug|Any CPU
		{8044F0B2-AACB-4C34-B619-CE33ADB9A24B}.Debug|Any CPU.Build.0 = Debug|Any CPU
		{8044F0B2-AACB-4C34-B619-CE33ADB9A24B}.Release|Any CPU.ActiveCfg = Release|Any CPU
		{8044F0B2-AACB-4C34-B619-CE33ADB9A24B}.Release|Any CPU.Build.0 = Release|Any CPU
		{93975856-8A4D-4B33-A05E-81C44616BD4B}.Debug|Any CPU.ActiveCfg = Debug|Any CPU
		{93975856-8A4D-4B33-A05E-81C44616BD4B}.Debug|Any CPU.Build.0 = Debug|Any CPU
		{93975856-8A4D-4B33-A05E-81C44616BD4B}.Release|Any CPU.ActiveCfg = Release|Any CPU
		{93975856-8A4D-4B33-A05E-81C44616BD4B}.Release|Any CPU.Build.0 = Release|Any CPU
		{B995FB3B-9812-4442-9D03-6F3F769F0193}.Debug|Any CPU.ActiveCfg = Debug|Any CPU
		{B995FB3B-9812-4442-9D03-6F3F769F0193}.Debug|Any CPU.Build.0 = Debug|Any CPU
		{B995FB3B-9812-4442-9D03-6F3F769F0193}.Release|Any CPU.ActiveCfg = Release|Any CPU
		{B995FB3B-9812-4442-9D03-6F3F769F0193}.Release|Any CPU.Build.0 = Release|Any CPU
		{E5BEEBD0-56F9-472F-B414-DD46B2F68995}.Debug|Any CPU.ActiveCfg = Debug|Any CPU
		{E5BEEBD0-56F9-472F-B414-DD46B2F68995}.Debug|Any CPU.Build.0 = Debug|Any CPU
		{E5BEEBD0-56F9-472F-B414-DD46B2F68995}.Release|Any CPU.ActiveCfg = Release|Any CPU
		{E5BEEBD0-56F9-472F-B414-DD46B2F68995}.Release|Any CPU.Build.0 = Release|Any CPU
		{8B5B7C33-F468-4459-B421-FB913CB0910C}.Debug|Any CPU.ActiveCfg = Debug|Any CPU
		{8B5B7C33-F468-4459-B421-FB913CB0910C}.Debug|Any CPU.Build.0 = Debug|Any CPU
		{8B5B7C33-F468-4459-B421-FB913CB0910C}.Release|Any CPU.ActiveCfg = Release|Any CPU
		{8B5B7C33-F468-4459-B421-FB913CB0910C}.Release|Any CPU.Build.0 = Release|Any CPU
		{42564128-2F1E-4F3F-9844-6DF882266752}.Debug|Any CPU.ActiveCfg = Debug|Any CPU
		{42564128-2F1E-4F3F-9844-6DF882266752}.Debug|Any CPU.Build.0 = Debug|Any CPU
		{42564128-2F1E-4F3F-9844-6DF882266752}.Release|Any CPU.ActiveCfg = Release|Any CPU
		{42564128-2F1E-4F3F-9844-6DF882266752}.Release|Any CPU.Build.0 = Release|Any CPU
		{FECE0A7E-2688-426C-AA25-B5C998F544F7}.Debug|Any CPU.ActiveCfg = Debug|Any CPU
		{FECE0A7E-2688-426C-AA25-B5C998F544F7}.Debug|Any CPU.Build.0 = Debug|Any CPU
		{FECE0A7E-2688-426C-AA25-B5C998F544F7}.Debug|Any CPU.Deploy.0 = Debug|Any CPU
		{FECE0A7E-2688-426C-AA25-B5C998F544F7}.Release|Any CPU.ActiveCfg = Release|Any CPU
		{FECE0A7E-2688-426C-AA25-B5C998F544F7}.Release|Any CPU.Build.0 = Release|Any CPU
		{FECE0A7E-2688-426C-AA25-B5C998F544F7}.Release|Any CPU.Deploy.0 = Release|Any CPU
	EndGlobalSection
	GlobalSection(SolutionProperties) = preSolution
		HideSolutionNode = FALSE
	EndGlobalSection
	GlobalSection(ExtensibilityGlobals) = postSolution
		SolutionGuid = {572EA14B-BE06-45CA-A521-B302AF390EBD}
	EndGlobalSection
EndGlobal
