
Microsoft Visual Studio Solution File, Format Version 12.00
# Visual Studio Version 17
VisualStudioVersion = 17.4.33205.214
MinimumVisualStudioVersion = 10.0.40219.1
Project("{9A19103F-16F7-4668-BE54-9A1E7A4F7556}") = "Basico_EntityFramework", "Basico_EntityFramework.csproj", "{6F37D805-83F7-4589-9334-9C1276C79ACA}"
EndProject
Global
	GlobalSection(SolutionConfigurationPlatforms) = preSolution
		Debug|Any CPU = Debug|Any CPU
		Release|Any CPU = Release|Any CPU
	EndGlobalSection
	GlobalSection(ProjectConfigurationPlatforms) = postSolution
		{6F37D805-83F7-4589-9334-9C1276C79ACA}.Debug|Any CPU.ActiveCfg = Debug|Any CPU
		{6F37D805-83F7-4589-9334-9C1276C79ACA}.Debug|Any CPU.Build.0 = Debug|Any CPU
		{6F37D805-83F7-4589-9334-9C1276C79ACA}.Release|Any CPU.ActiveCfg = Release|Any CPU
		{6F37D805-83F7-4589-9334-9C1276C79ACA}.Release|Any CPU.Build.0 = Release|Any CPU
	EndGlobalSection
	GlobalSection(SolutionProperties) = preSolution
		HideSolutionNode = FALSE
	EndGlobalSection
	GlobalSection(ExtensibilityGlobals) = postSolution
		SolutionGuid = {71799F88-8908-4FB9-ABD5-40C6E56F25B2}
	EndGlobalSection
EndGlobal
